// !$*UTF8*$!
{
	archiveVersion = 1;
	classes = {
	};
	objectVersion = 46;
	objects = {

/* Begin PBXBuildFile section */
		BF36B5541AE3F8EE002C8FFF /* AppDelegate.swift in Sources */ = {isa = PBXBuildFile; fileRef = BF36B5531AE3F8EE002C8FFF /* AppDelegate.swift */; };
		BF36B5561AE3F8EE002C8FFF /* ViewController.swift in Sources */ = {isa = PBXBuildFile; fileRef = BF36B5551AE3F8EE002C8FFF /* ViewController.swift */; };
		BF36B5591AE3F8EE002C8FFF /* Main.storyboard in Resources */ = {isa = PBXBuildFile; fileRef = BF36B5571AE3F8EE002C8FFF /* Main.storyboard */; };
		BF36B55B1AE3F8EE002C8FFF /* Images.xcassets in Resources */ = {isa = PBXBuildFile; fileRef = BF36B55A1AE3F8EE002C8FFF /* Images.xcassets */; };
		BF36B55E1AE3F8EE002C8FFF /* LaunchScreen.xib in Resources */ = {isa = PBXBuildFile; fileRef = BF36B55C1AE3F8EE002C8FFF /* LaunchScreen.xib */; };
		BF36B56A1AE3F8EF002C8FFF /* PubNubTestTests.swift in Sources */ = {isa = PBXBuildFile; fileRef = BF36B5691AE3F8EF002C8FFF /* PubNubTestTests.swift */; };
/* End PBXBuildFile section */

/* Begin PBXContainerItemProxy section */
		BF36B5641AE3F8EE002C8FFF /* PBXContainerItemProxy */ = {
			isa = PBXContainerItemProxy;
			containerPortal = BF36B5461AE3F8EE002C8FFF /* Project object */;
			proxyType = 1;
			remoteGlobalIDString = BF36B54D1AE3F8EE002C8FFF;
			remoteInfo = PubNubTest;
		};
/* End PBXContainerItemProxy section */

/* Begin PBXFileReference section */
		BF36B54E1AE3F8EE002C8FFF /* PubNubTest.app */ = {isa = PBXFileReference; explicitFileType = wrapper.application; includeInIndex = 0; path = PubNubTest.app; sourceTree = BUILT_PRODUCTS_DIR; };
		BF36B5521AE3F8EE002C8FFF /* Info.plist */ = {isa = PBXFileReference; lastKnownFileType = text.plist.xml; path = Info.plist; sourceTree = "<group>"; };
		BF36B5531AE3F8EE002C8FFF /* AppDelegate.swift */ = {isa = PBXFileReference; lastKnownFileType = sourcecode.swift; path = AppDelegate.swift; sourceTree = "<group>"; };
		BF36B5551AE3F8EE002C8FFF /* ViewController.swift */ = {isa = PBXFileReference; lastKnownFileType = sourcecode.swift; path = ViewController.swift; sourceTree = "<group>"; };
		BF36B5581AE3F8EE002C8FFF /* Base */ = {isa = PBXFileReference; lastKnownFileType = file.storyboard; name = Base; path = Base.lproj/Main.storyboard; sourceTree = "<group>"; };
		BF36B55A1AE3F8EE002C8FFF /* Images.xcassets */ = {isa = PBXFileReference; lastKnownFileType = folder.assetcatalog; path = Images.xcassets; sourceTree = "<group>"; };
		BF36B55D1AE3F8EE002C8FFF /* Base */ = {isa = PBXFileReference; lastKnownFileType = file.xib; name = Base; path = Base.lproj/LaunchScreen.xib; sourceTree = "<group>"; };
		BF36B5631AE3F8EE002C8FFF /* PubNubTestTests.xctest */ = {isa = PBXFileReference; explicitFileType = wrapper.cfbundle; includeInIndex = 0; path = PubNubTestTests.xctest; sourceTree = BUILT_PRODUCTS_DIR; };
		BF36B5681AE3F8EE002C8FFF /* Info.plist */ = {isa = PBXFileReference; lastKnownFileType = text.plist.xml; path = Info.plist; sourceTree = "<group>"; };
		BF36B5691AE3F8EF002C8FFF /* PubNubTestTests.swift */ = {isa = PBXFileReference; lastKnownFileType = sourcecode.swift; path = PubNubTestTests.swift; sourceTree = "<group>"; };
/* End PBXFileReference section */

/* Begin PBXFrameworksBuildPhase section */
		BF36B54B1AE3F8EE002C8FFF /* Frameworks */ = {
			isa = PBXFrameworksBuildPhase;
			buildActionMask = 2147483647;
			files = (
			);
			runOnlyForDeploymentPostprocessing = 0;
		};
		BF36B5601AE3F8EE002C8FFF /* Frameworks */ = {
			isa = PBXFrameworksBuildPhase;
			buildActionMask = 2147483647;
			files = (
			);
			runOnlyForDeploymentPostprocessing = 0;
		};
/* End PBXFrameworksBuildPhase section */

/* Begin PBXGroup section */
		BF36B5451AE3F8EE002C8FFF = {
			isa = PBXGroup;
			children = (
				BF36B5501AE3F8EE002C8FFF /* PubNubTest */,
				BF36B5661AE3F8EE002C8FFF /* PubNubTestTests */,
				BF36B54F1AE3F8EE002C8FFF /* Products */,
			);
			sourceTree = "<group>";
		};
		BF36B54F1AE3F8EE002C8FFF /* Products */ = {
			isa = PBXGroup;
			children = (
				BF36B54E1AE3F8EE002C8FFF /* PubNubTest.app */,
				BF36B5631AE3F8EE002C8FFF /* PubNubTestTests.xctest */,
			);
			name = Products;
			sourceTree = "<group>";
		};
		BF36B5501AE3F8EE002C8FFF /* PubNubTest */ = {
			isa = PBXGroup;
			children = (
				BF36B5531AE3F8EE002C8FFF /* AppDelegate.swift */,
				BF36B5551AE3F8EE002C8FFF /* ViewController.swift */,
				BF36B5571AE3F8EE002C8FFF /* Main.storyboard */,
				BF36B55A1AE3F8EE002C8FFF /* Images.xcassets */,
				BF36B55C1AE3F8EE002C8FFF /* LaunchScreen.xib */,
				BF36B5511AE3F8EE002C8FFF /* Supporting Files */,
			);
			path = PubNubTest;
			sourceTree = "<group>";
		};
		BF36B5511AE3F8EE002C8FFF /* Supporting Files */ = {
			isa = PBXGroup;
			children = (
				BF36B5521AE3F8EE002C8FFF /* Info.plist */,
			);
			name = "Supporting Files";
			sourceTree = "<group>";
		};
		BF36B5661AE3F8EE002C8FFF /* PubNubTestTests */ = {
			isa = PBXGroup;
			children = (
				BF36B5691AE3F8EF002C8FFF /* PubNubTestTests.swift */,
				BF36B5671AE3F8EE002C8FFF /* Supporting Files */,
			);
			path = PubNubTestTests;
			sourceTree = "<group>";
		};
		BF36B5671AE3F8EE002C8FFF /* Supporting Files */ = {
			isa = PBXGroup;
			children = (
				BF36B5681AE3F8EE002C8FFF /* Info.plist */,
			);
			name = "Supporting Files";
			sourceTree = "<group>";
		};
/* End PBXGroup section */

/* Begin PBXNativeTarget section */
		BF36B54D1AE3F8EE002C8FFF /* PubNubTest */ = {
			isa = PBXNativeTarget;
			buildConfigurationList = BF36B56D1AE3F8EF002C8FFF /* Build configuration list for PBXNativeTarget "PubNubTest" */;
			buildPhases = (
				BF36B54A1AE3F8EE002C8FFF /* Sources */,
				BF36B54B1AE3F8EE002C8FFF /* Frameworks */,
				BF36B54C1AE3F8EE002C8FFF /* Resources */,
			);
			buildRules = (
			);
			dependencies = (
			);
			name = PubNubTest;
			productName = PubNubTest;
			productReference = BF36B54E1AE3F8EE002C8FFF /* PubNubTest.app */;
			productType = "com.apple.product-type.application";
		};
		BF36B5621AE3F8EE002C8FFF /* PubNubTestTests */ = {
			isa = PBXNativeTarget;
			buildConfigurationList = BF36B5701AE3F8EF002C8FFF /* Build configuration list for PBXNativeTarget "PubNubTestTests" */;
			buildPhases = (
				BF36B55F1AE3F8EE002C8FFF /* Sources */,
				BF36B5601AE3F8EE002C8FFF /* Frameworks */,
				BF36B5611AE3F8EE002C8FFF /* Resources */,
			);
			buildRules = (
			);
			dependencies = (
				BF36B5651AE3F8EE002C8FFF /* PBXTargetDependency */,
			);
			name = PubNubTestTests;
			productName = PubNubTestTests;
			productReference = BF36B5631AE3F8EE002C8FFF /* PubNubTestTests.xctest */;
			productType = "com.apple.product-type.bundle.unit-test";
		};
/* End PBXNativeTarget section */

/* Begin PBXProject section */
		BF36B5461AE3F8EE002C8FFF /* Project object */ = {
			isa = PBXProject;
			attributes = {
				LastUpgradeCheck = 0630;
				ORGANIZATIONNAME = "Nick Brandaleone";
				TargetAttributes = {
					BF36B54D1AE3F8EE002C8FFF = {
						CreatedOnToolsVersion = 6.3;
					};
					BF36B5621AE3F8EE002C8FFF = {
						CreatedOnToolsVersion = 6.3;
						TestTargetID = BF36B54D1AE3F8EE002C8FFF;
					};
				};
			};
			buildConfigurationList = BF36B5491AE3F8EE002C8FFF /* Build configuration list for PBXProject "PubNubTest" */;
			compatibilityVersion = "Xcode 3.2";
			developmentRegion = English;
			hasScannedForEncodings = 0;
			knownRegions = (
				en,
				Base,
			);
			mainGroup = BF36B5451AE3F8EE002C8FFF;
			productRefGroup = BF36B54F1AE3F8EE002C8FFF /* Products */;
			projectDirPath = "";
			projectRoot = "";
			targets = (
				BF36B54D1AE3F8EE002C8FFF /* PubNubTest */,
				BF36B5621AE3F8EE002C8FFF /* PubNubTestTests */,
			);
		};
/* End PBXProject section */

/* Begin PBXResourcesBuildPhase section */
		BF36B54C1AE3F8EE002C8FFF /* Resources */ = {
			isa = PBXResourcesBuildPhase;
			buildActionMask = 2147483647;
			files = (
				BF36B5591AE3F8EE002C8FFF /* Main.storyboard in Resources */,
				BF36B55E1AE3F8EE002C8FFF /* LaunchScreen.xib in Resources */,
				BF36B55B1AE3F8EE002C8FFF /* Images.xcassets in Resources */,
			);
			runOnlyForDeploymentPostprocessing = 0;
		};
		BF36B5611AE3F8EE002C8FFF /* Resources */ = {
			isa = PBXResourcesBuildPhase;
			buildActionMask = 2147483647;
			files = (
			);
			runOnlyForDeploymentPostprocessing = 0;
		};
/* End PBXResourcesBuildPhase section */

/* Begin PBXSourcesBuildPhase section */
		BF36B54A1AE3F8EE002C8FFF /* Sources */ = {
			isa = PBXSourcesBuildPhase;
			buildActionMask = 2147483647;
			files = (
				BF36B5561AE3F8EE002C8FFF /* ViewController.swift in Sources */,
				BF36B5541AE3F8EE002C8FFF /* AppDelegate.swift in Sources */,
			);
			runOnlyForDeploymentPostprocessing = 0;
		};
		BF36B55F1AE3F8EE002C8FFF /* Sources */ = {
			isa = PBXSourcesBuildPhase;
			buildActionMask = 2147483647;
			files = (
				BF36B56A1AE3F8EF002C8FFF /* PubNubTestTests.swift in Sources */,
			);
			runOnlyForDeploymentPostprocessing = 0;
		};
/* End PBXSourcesBuildPhase section */

/* Begin PBXTargetDependency section */
		BF36B5651AE3F8EE002C8FFF /* PBXTargetDependency */ = {
			isa = PBXTargetDependency;
			target = BF36B54D1AE3F8EE002C8FFF /* PubNubTest */;
			targetProxy = BF36B5641AE3F8EE002C8FFF /* PBXContainerItemProxy */;
		};
/* End PBXTargetDependency section */

/* Begin PBXVariantGroup section */
		BF36B5571AE3F8EE002C8FFF /* Main.storyboard */ = {
			isa = PBXVariantGroup;
			children = (
				BF36B5581AE3F8EE002C8FFF /* Base */,
			);
			name = Main.storyboard;
			sourceTree = "<group>";
		};
		BF36B55C1AE3F8EE002C8FFF /* LaunchScreen.xib */ = {
			isa = PBXVariantGroup;
			children = (
				BF36B55D1AE3F8EE002C8FFF /* Base */,
			);
			name = LaunchScreen.xib;
			sourceTree = "<group>";
		};
/* End PBXVariantGroup section */

/* Begin XCBuildConfiguration section */
		BF36B56B1AE3F8EF002C8FFF /* Debug */ = {
			isa = XCBuildConfiguration;
			buildSettings = {
				ALWAYS_SEARCH_USER_PATHS = NO;
				CLANG_CXX_LANGUAGE_STANDARD = "gnu++0x";
				CLANG_CXX_LIBRARY = "libc++";
				CLANG_ENABLE_MODULES = YES;
				CLANG_ENABLE_OBJC_ARC = YES;
				CLANG_WARN_BOOL_CONVERSION = YES;
				CLANG_WARN_CONSTANT_CONVERSION = YES;
				CLANG_WARN_DIRECT_OBJC_ISA_USAGE = YES_ERROR;
				CLANG_WARN_EMPTY_BODY = YES;
				CLANG_WARN_ENUM_CONVERSION = YES;
				CLANG_WARN_INT_CONVERSION = YES;
				CLANG_WARN_OBJC_ROOT_CLASS = YES_ERROR;
				CLANG_WARN_UNREACHABLE_CODE = YES;
				CLANG_WARN__DUPLICATE_METHOD_MATCH = YES;
				"CODE_SIGN_IDENTITY[sdk=iphoneos*]" = "iPhone Developer";
				COPY_PHASE_STRIP = NO;
				DEBUG_INFORMATION_FORMAT = "dwarf-with-dsym";
				ENABLE_STRICT_OBJC_MSGSEND = YES;
				GCC_C_LANGUAGE_STANDARD = gnu99;
				GCC_DYNAMIC_NO_PIC = NO;
				GCC_NO_COMMON_BLOCKS = YES;
				GCC_OPTIMIZATION_LEVEL = 0;
				GCC_PREPROCESSOR_DEFINITIONS = (
					"DEBUG=1",
					"$(inherited)",
				);
				GCC_SYMBOLS_PRIVATE_EXTERN = NO;
				GCC_WARN_64_TO_32_BIT_CONVERSION = YES;
				GCC_WARN_ABOUT_RETURN_TYPE = YES_ERROR;
				GCC_WARN_UNDECLARED_SELECTOR = YES;
				GCC_WARN_UNINITIALIZED_AUTOS = YES_AGGRESSIVE;
				GCC_WARN_UNUSED_FUNCTION = YES;
				GCC_WARN_UNUSED_VARIABLE = YES;
				IPHONEOS_DEPLOYMENT_TARGET = 8.3;
				MTL_ENABLE_DEBUG_INFO = YES;
				ONLY_ACTIVE_ARCH = YES;
				SDKROOT = iphoneos;
				SWIFT_OPTIMIZATION_LEVEL = "-Onone";
				TARGETED_DEVICE_FAMILY = "1,2";
			};
			name = Debug;
		};
		BF36B56C1AE3F8EF002C8FFF /* Release */ = {
			isa = XCBuildConfiguration;
			buildSettings = {
				ALWAYS_SEARCH_USER_PATHS = NO;
				CLANG_CXX_LANGUAGE_STANDARD = "gnu++0x";
				CLANG_CXX_LIBRARY = "libc++";
				CLANG_ENABLE_MODULES = YES;
				CLANG_ENABLE_OBJC_ARC = YES;
				CLANG_WARN_BOOL_CONVERSION = YES;
				CLANG_WARN_CONSTANT_CONVERSION = YES;
				CLANG_WARN_DIRECT_OBJC_ISA_USAGE = YES_ERROR;
				CLANG_WARN_EMPTY_BODY = YES;
				CLANG_WARN_ENUM_CONVERSION = YES;
				CLANG_WARN_INT_CONVERSION = YES;
				CLANG_WARN_OBJC_ROOT_CLASS = YES_ERROR;
				CLANG_WARN_UNREACHABLE_CODE = YES;
				CLANG_WARN__DUPLICATE_METHOD_MATCH = YES;
				"CODE_SIGN_IDENTITY[sdk=iphoneos*]" = "iPhone Developer";
				COPY_PHASE_STRIP = NO;
				DEBUG_INFORMATION_FORMAT = "dwarf-with-dsym";
				ENABLE_NS_ASSERTIONS = NO;
				ENABLE_STRICT_OBJC_MSGSEND = YES;
				GCC_C_LANGUAGE_STANDARD = gnu99;
				GCC_NO_COMMON_BLOCKS = YES;
				GCC_WARN_64_TO_32_BIT_CONVERSION = YES;
				GCC_WARN_ABOUT_RETURN_TYPE = YES_ERROR;
				GCC_WARN_UNDECLARED_SELECTOR = YES;
				GCC_WARN_UNINITIALIZED_AUTOS = YES_AGGRESSIVE;
				GCC_WARN_UNUSED_FUNCTION = YES;
				GCC_WARN_UNUSED_VARIABLE = YES;
				IPHONEOS_DEPLOYMENT_TARGET = 8.3;
				MTL_ENABLE_DEBUG_INFO = NO;
				SDKROOT = iphoneos;
				TARGETED_DEVICE_FAMILY = "1,2";
				VALIDATE_PRODUCT = YES;
			};
			name = Release;
		};
		BF36B56E1AE3F8EF002C8FFF /* Debug */ = {
			isa = XCBuildConfiguration;
			buildSettings = {
				ASSETCATALOG_COMPILER_APPICON_NAME = AppIcon;
				INFOPLIST_FILE = PubNubTest/Info.plist;
				LD_RUNPATH_SEARCH_PATHS = "$(inherited) @executable_path/Frameworks";
				PRODUCT_NAME = "$(TARGET_NAME)";
			};
			name = Debug;
		};
		BF36B56F1AE3F8EF002C8FFF /* Release */ = {
			isa = XCBuildConfiguration;
			buildSettings = {
				ASSETCATALOG_COMPILER_APPICON_NAME = AppIcon;
				INFOPLIST_FILE = PubNubTest/Info.plist;
				LD_RUNPATH_SEARCH_PATHS = "$(inherited) @executable_path/Frameworks";
				PRODUCT_NAME = "$(TARGET_NAME)";
			};
			name = Release;
		};
		BF36B5711AE3F8EF002C8FFF /* Debug */ = {
			isa = XCBuildConfiguration;
			buildSettings = {
				BUNDLE_LOADER = "$(TEST_HOST)";
				FRAMEWORK_SEARCH_PATHS = (
					"$(SDKROOT)/Developer/Library/Frameworks",
					"$(inherited)",
				);
				GCC_PREPROCESSOR_DEFINITIONS = (
					"DEBUG=1",
					"$(inherited)",
				);
				INFOPLIST_FILE = PubNubTestTests/Info.plist;
				LD_RUNPATH_SEARCH_PATHS = "$(inherited) @executable_path/Frameworks @loader_path/Frameworks";
				PRODUCT_NAME = "$(TARGET_NAME)";
				TEST_HOST = "$(BUILT_PRODUCTS_DIR)/PubNubTest.app/PubNubTest";
			};
			name = Debug;
		};
		BF36B5721AE3F8EF002C8FFF /* Release */ = {
			isa = XCBuildConfiguration;
			buildSettings = {
				BUNDLE_LOADER = "$(TEST_HOST)";
				FRAMEWORK_SEARCH_PATHS = (
					"$(SDKROOT)/Developer/Library/Frameworks",
					"$(inherited)",
				);
				INFOPLIST_FILE = PubNubTestTests/Info.plist;
				LD_RUNPATH_SEARCH_PATHS = "$(inherited) @executable_path/Frameworks @loader_path/Frameworks";
				PRODUCT_NAME = "$(TARGET_NAME)";
				TEST_HOST = "$(BUILT_PRODUCTS_DIR)/PubNubTest.app/PubNubTest";
			};
			name = Release;
		};
/* End XCBuildConfiguration section */

/* Begin XCConfigurationList section */
		BF36B5491AE3F8EE002C8FFF /* Build configuration list for PBXProject "PubNubTest" */ = {
			isa = XCConfigurationList;
			buildConfigurations = (
				BF36B56B1AE3F8EF002C8FFF /* Debug */,
				BF36B56C1AE3F8EF002C8FFF /* Release */,
			);
			defaultConfigurationIsVisible = 0;
			defaultConfigurationName = Release;
		};
		BF36B56D1AE3F8EF002C8FFF /* Build configuration list for PBXNativeTarget "PubNubTest" */ = {
			isa = XCConfigurationList;
			buildConfigurations = (
				BF36B56E1AE3F8EF002C8FFF /* Debug */,
				BF36B56F1AE3F8EF002C8FFF /* Release */,
			);
			defaultConfigurationIsVisible = 0;
		};
		BF36B5701AE3F8EF002C8FFF /* Build configuration list for PBXNativeTarget "PubNubTestTests" */ = {
			isa = XCConfigurationList;
			buildConfigurations = (
				BF36B5711AE3F8EF002C8FFF /* Debug */,
				BF36B5721AE3F8EF002C8FFF /* Release */,
			);
			defaultConfigurationIsVisible = 0;
		};
/* End XCConfigurationList section */
	};
	rootObject = BF36B5461AE3F8EE002C8FFF /* Project object */;
}
